
Microsoft Visual Studio Solution File, Format Version 12.00
# Visual Studio Version 16
VisualStudioVersion = 16.0.30114.105
MinimumVisualStudioVersion = 10.0.40219.1
Project("{FAE04EC0-301F-11D3-BF4B-00C04F79EFBC}") = "ShopCartMVCLab1", "ShopCartMVCLab1.csproj", "{7134BAA8-D59C-4BD1-9DA5-76B7BC0D3940}"
EndProject
Global
	GlobalSection(SolutionConfigurationPlatforms) = preSolution
		Debug|Any CPU = Debug|Any CPU
		Release|Any CPU = Release|Any CPU
	EndGlobalSection
	GlobalSection(ProjectConfigurationPlatforms) = postSolution
		{7134BAA8-D59C-4BD1-9DA5-76B7BC0D3940}.Debug|Any CPU.ActiveCfg = Debug|Any CPU
		{7134BAA8-D59C-4BD1-9DA5-76B7BC0D3940}.Debug|Any CPU.Build.0 = Debug|Any CPU
		{7134BAA8-D59C-4BD1-9DA5-76B7BC0D3940}.Release|Any CPU.ActiveCfg = Release|Any CPU
		{7134BAA8-D59C-4BD1-9DA5-76B7BC0D3940}.Release|Any CPU.Build.0 = Release|Any CPU
	EndGlobalSection
	GlobalSection(SolutionProperties) = preSolution
		HideSolutionNode = FALSE
	EndGlobalSection
	GlobalSection(ExtensibilityGlobals) = postSolution
		SolutionGuid = {3D0E1A3A-7274-4283-AF75-CA8C3767B484}
	EndGlobalSection
EndGlobal
